// !$*UTF8*$!
{
	archiveVersion = 1;
	classes = {
	};
	objectVersion = 46;
	objects = {

/* Begin PBXBuildFile section */
		D4334E551F4C70D900ED006A /* main.m in Sources */ = {isa = PBXBuildFile; fileRef = D4334E541F4C70D900ED006A /* main.m */; };
		D4334E581F4C70D900ED006A /* AppDelegate.m in Sources */ = {isa = PBXBuildFile; fileRef = D4334E571F4C70D900ED006A /* AppDelegate.m */; };
		D4334E5B1F4C70D900ED006A /* ViewController.m in Sources */ = {isa = PBXBuildFile; fileRef = D4334E5A1F4C70D900ED006A /* ViewController.m */; };
		D4334E5E1F4C70D900ED006A /* Main.storyboard in Resources */ = {isa = PBXBuildFile; fileRef = D4334E5C1F4C70D900ED006A /* Main.storyboard */; };
		D4334E601F4C70D900ED006A /* Assets.xcassets in Resources */ = {isa = PBXBuildFile; fileRef = D4334E5F1F4C70D900ED006A /* Assets.xcassets */; };
		D4334E631F4C70D900ED006A /* LaunchScreen.storyboard in Resources */ = {isa = PBXBuildFile; fileRef = D4334E611F4C70D900ED006A /* LaunchScreen.storyboard */; };
		D4334EB91F4C75BF00ED006A /* libcrypto.a in Frameworks */ = {isa = PBXBuildFile; fileRef = D4334E6B1F4C75BF00ED006A /* libcrypto.a */; };
		D4334EBA1F4C75BF00ED006A /* libssl.a in Frameworks */ = {isa = PBXBuildFile; fileRef = D4334E6C1F4C75BF00ED006A /* libssl.a */; };
		D4334EE61F4C77E900ED006A /* Base64.m in Sources */ = {isa = PBXBuildFile; fileRef = D4334EE51F4C77E900ED006A /* Base64.m */; };
		D4334EE91F4C77F700ED006A /* QYRSA.m in Sources */ = {isa = PBXBuildFile; fileRef = D4334EE81F4C77F700ED006A /* QYRSA.m */; };
/* End PBXBuildFile section */

/* Begin PBXFileReference section */
		D4334E501F4C70D900ED006A /* RSADemo.app */ = {isa = PBXFileReference; explicitFileType = wrapper.application; includeInIndex = 0; path = RSADemo.app; sourceTree = BUILT_PRODUCTS_DIR; };
		D4334E541F4C70D900ED006A /* main.m */ = {isa = PBXFileReference; lastKnownFileType = sourcecode.c.objc; path = main.m; sourceTree = "<group>"; };
		D4334E561F4C70D900ED006A /* AppDelegate.h */ = {isa = PBXFileReference; lastKnownFileType = sourcecode.c.h; path = AppDelegate.h; sourceTree = "<group>"; };
		D4334E571F4C70D900ED006A /* AppDelegate.m */ = {isa = PBXFileReference; lastKnownFileType = sourcecode.c.objc; path = AppDelegate.m; sourceTree = "<group>"; };
		D4334E591F4C70D900ED006A /* ViewController.h */ = {isa = PBXFileReference; lastKnownFileType = sourcecode.c.h; path = ViewController.h; sourceTree = "<group>"; };
		D4334E5A1F4C70D900ED006A /* ViewController.m */ = {isa = PBXFileReference; lastKnownFileType = sourcecode.c.objc; path = ViewController.m; sourceTree = "<group>"; };
		D4334E5D1F4C70D900ED006A /* Base */ = {isa = PBXFileReference; lastKnownFileType = file.storyboard; name = Base; path = Base.lproj/Main.storyboard; sourceTree = "<group>"; };
		D4334E5F1F4C70D900ED006A /* Assets.xcassets */ = {isa = PBXFileReference; lastKnownFileType = folder.assetcatalog; path = Assets.xcassets; sourceTree = "<group>"; };
		D4334E621F4C70D900ED006A /* Base */ = {isa = PBXFileReference; lastKnownFileType = file.storyboard; name = Base; path = Base.lproj/LaunchScreen.storyboard; sourceTree = "<group>"; };
		D4334E641F4C70D900ED006A /* Info.plist */ = {isa = PBXFileReference; lastKnownFileType = text.plist.xml; path = Info.plist; sourceTree = "<group>"; };
		D4334E6B1F4C75BF00ED006A /* libcrypto.a */ = {isa = PBXFileReference; lastKnownFileType = archive.ar; path = libcrypto.a; sourceTree = "<group>"; };
		D4334E6C1F4C75BF00ED006A /* libssl.a */ = {isa = PBXFileReference; lastKnownFileType = archive.ar; path = libssl.a; sourceTree = "<group>"; };
		D4334E6E1F4C75BF00ED006A /* aes.h */ = {isa = PBXFileReference; fileEncoding = 4; lastKnownFileType = sourcecode.c.h; path = aes.h; sourceTree = "<group>"; };
		D4334E6F1F4C75BF00ED006A /* asn1.h */ = {isa = PBXFileReference; fileEncoding = 4; lastKnownFileType = sourcecode.c.h; path = asn1.h; sourceTree = "<group>"; };
		D4334E701F4C75BF00ED006A /* asn1_mac.h */ = {isa = PBXFileReference; fileEncoding = 4; lastKnownFileType = sourcecode.c.h; path = asn1_mac.h; sourceTree = "<group>"; };
		D4334E711F4C75BF00ED006A /* asn1t.h */ = {isa = PBXFileReference; fileEncoding = 4; lastKnownFileType = sourcecode.c.h; path = asn1t.h; sourceTree = "<group>"; };
		D4334E721F4C75BF00ED006A /* bio.h */ = {isa = PBXFileReference; fileEncoding = 4; lastKnownFileType = sourcecode.c.h; path = bio.h; sourceTree = "<group>"; };
		D4334E731F4C75BF00ED006A /* blowfish.h */ = {isa = PBXFileReference; fileEncoding = 4; lastKnownFileType = sourcecode.c.h; path = blowfish.h; sourceTree = "<group>"; };
		D4334E741F4C75BF00ED006A /* bn.h */ = {isa = PBXFileReference; fileEncoding = 4; lastKnownFileType = sourcecode.c.h; path = bn.h; sourceTree = "<group>"; };
		D4334E751F4C75BF00ED006A /* buffer.h */ = {isa = PBXFileReference; fileEncoding = 4; lastKnownFileType = sourcecode.c.h; path = buffer.h; sourceTree = "<group>"; };
		D4334E761F4C75BF00ED006A /* camellia.h */ = {isa = PBXFileReference; fileEncoding = 4; lastKnownFileType = sourcecode.c.h; path = camellia.h; sourceTree = "<group>"; };
		D4334E771F4C75BF00ED006A /* cast.h */ = {isa = PBXFileReference; fileEncoding = 4; lastKnownFileType = sourcecode.c.h; path = cast.h; sourceTree = "<group>"; };
		D4334E781F4C75BF00ED006A /* cmac.h */ = {isa = PBXFileReference; fileEncoding = 4; lastKnownFileType = sourcecode.c.h; path = cmac.h; sourceTree = "<group>"; };
		D4334E791F4C75BF00ED006A /* cms.h */ = {isa = PBXFileReference; fileEncoding = 4; lastKnownFileType = sourcecode.c.h; path = cms.h; sourceTree = "<group>"; };
		D4334E7A1F4C75BF00ED006A /* comp.h */ = {isa = PBXFileReference; fileEncoding = 4; lastKnownFileType = sourcecode.c.h; path = comp.h; sourceTree = "<group>"; };
		D4334E7B1F4C75BF00ED006A /* conf.h */ = {isa = PBXFileReference; fileEncoding = 4; lastKnownFileType = sourcecode.c.h; path = conf.h; sourceTree = "<group>"; };
		D4334E7C1F4C75BF00ED006A /* conf_api.h */ = {isa = PBXFileReference; fileEncoding = 4; lastKnownFileType = sourcecode.c.h; path = conf_api.h; sourceTree = "<group>"; };
		D4334E7D1F4C75BF00ED006A /* crypto.h */ = {isa = PBXFileReference; fileEncoding = 4; lastKnownFileType = sourcecode.c.h; path = crypto.h; sourceTree = "<group>"; };
		D4334E7E1F4C75BF00ED006A /* des.h */ = {isa = PBXFileReference; fileEncoding = 4; lastKnownFileType = sourcecode.c.h; path = des.h; sourceTree = "<group>"; };
		D4334E7F1F4C75BF00ED006A /* des_old.h */ = {isa = PBXFileReference; fileEncoding = 4; lastKnownFileType = sourcecode.c.h; path = des_old.h; sourceTree = "<group>"; };
		D4334E801F4C75BF00ED006A /* dh.h */ = {isa = PBXFileReference; fileEncoding = 4; lastKnownFileType = sourcecode.c.h; path = dh.h; sourceTree = "<group>"; };
		D4334E811F4C75BF00ED006A /* dsa.h */ = {isa = PBXFileReference; fileEncoding = 4; lastKnownFileType = sourcecode.c.h; path = dsa.h; sourceTree = "<group>"; };
		D4334E821F4C75BF00ED006A /* dso.h */ = {isa = PBXFileReference; fileEncoding = 4; lastKnownFileType = sourcecode.c.h; path = dso.h; sourceTree = "<group>"; };
		D4334E831F4C75BF00ED006A /* dtls1.h */ = {isa = PBXFileReference; fileEncoding = 4; lastKnownFileType = sourcecode.c.h; path = dtls1.h; sourceTree = "<group>"; };
		D4334E841F4C75BF00ED006A /* e_os2.h */ = {isa = PBXFileReference; fileEncoding = 4; lastKnownFileType = sourcecode.c.h; path = e_os2.h; sourceTree = "<group>"; };
		D4334E851F4C75BF00ED006A /* ebcdic.h */ = {isa = PBXFileReference; fileEncoding = 4; lastKnownFileType = sourcecode.c.h; path = ebcdic.h; sourceTree = "<group>"; };
		D4334E861F4C75BF00ED006A /* ec.h */ = {isa = PBXFileReference; fileEncoding = 4; lastKnownFileType = sourcecode.c.h; path = ec.h; sourceTree = "<group>"; };
		D4334E871F4C75BF00ED006A /* ecdh.h */ = {isa = PBXFileReference; fileEncoding = 4; lastKnownFileType = sourcecode.c.h; path = ecdh.h; sourceTree = "<group>"; };
		D4334E881F4C75BF00ED006A /* ecdsa.h */ = {isa = PBXFileReference; fileEncoding = 4; lastKnownFileType = sourcecode.c.h; path = ecdsa.h; sourceTree = "<group>"; };
		D4334E891F4C75BF00ED006A /* engine.h */ = {isa = PBXFileReference; fileEncoding = 4; lastKnownFileType = sourcecode.c.h; path = engine.h; sourceTree = "<group>"; };
		D4334E8A1F4C75BF00ED006A /* err.h */ = {isa = PBXFileReference; fileEncoding = 4; lastKnownFileType = sourcecode.c.h; path = err.h; sourceTree = "<group>"; };
		D4334E8B1F4C75BF00ED006A /* evp.h */ = {isa = PBXFileReference; fileEncoding = 4; lastKnownFileType = sourcecode.c.h; path = evp.h; sourceTree = "<group>"; };
		D4334E8C1F4C75BF00ED006A /* hmac.h */ = {isa = PBXFileReference; fileEncoding = 4; lastKnownFileType = sourcecode.c.h; path = hmac.h; sourceTree = "<group>"; };
		D4334E8D1F4C75BF00ED006A /* idea.h */ = {isa = PBXFileReference; fileEncoding = 4; lastKnownFileType = sourcecode.c.h; path = idea.h; sourceTree = "<group>"; };
		D4334E8E1F4C75BF00ED006A /* krb5_asn.h */ = {isa = PBXFileReference; fileEncoding = 4; lastKnownFileType = sourcecode.c.h; path = krb5_asn.h; sourceTree = "<group>"; };
		D4334E8F1F4C75BF00ED006A /* kssl.h */ = {isa = PBXFileReference; fileEncoding = 4; lastKnownFileType = sourcecode.c.h; path = kssl.h; sourceTree = "<group>"; };
		D4334E901F4C75BF00ED006A /* lhash.h */ = {isa = PBXFileReference; fileEncoding = 4; lastKnownFileType = sourcecode.c.h; path = lhash.h; sourceTree = "<group>"; };
		D4334E911F4C75BF00ED006A /* md4.h */ = {isa = PBXFileReference; fileEncoding = 4; lastKnownFileType = sourcecode.c.h; path = md4.h; sourceTree = "<group>"; };
		D4334E921F4C75BF00ED006A /* md5.h */ = {isa = PBXFileReference; fileEncoding = 4; lastKnownFileType = sourcecode.c.h; path = md5.h; sourceTree = "<group>"; };
		D4334E931F4C75BF00ED006A /* mdc2.h */ = {isa = PBXFileReference; fileEncoding = 4; lastKnownFileType = sourcecode.c.h; path = mdc2.h; sourceTree = "<group>"; };
		D4334E941F4C75BF00ED006A /* modes.h */ = {isa = PBXFileReference; fileEncoding = 4; lastKnownFileType = sourcecode.c.h; path = modes.h; sourceTree = "<group>"; };
		D4334E951F4C75BF00ED006A /* obj_mac.h */ = {isa = PBXFileReference; fileEncoding = 4; lastKnownFileType = sourcecode.c.h; path = obj_mac.h; sourceTree = "<group>"; };
		D4334E961F4C75BF00ED006A /* objects.h */ = {isa = PBXFileReference; fileEncoding = 4; lastKnownFileType = sourcecode.c.h; path = objects.h; sourceTree = "<group>"; };
		D4334E971F4C75BF00ED006A /* ocsp.h */ = {isa = PBXFileReference; fileEncoding = 4; lastKnownFileType = sourcecode.c.h; path = ocsp.h; sourceTree = "<group>"; };
		D4334E981F4C75BF00ED006A /* opensslconf.h */ = {isa = PBXFileReference; fileEncoding = 4; lastKnownFileType = sourcecode.c.h; path = opensslconf.h; sourceTree = "<group>"; };
		D4334E991F4C75BF00ED006A /* opensslv.h */ = {isa = PBXFileReference; fileEncoding = 4; lastKnownFileType = sourcecode.c.h; path = opensslv.h; sourceTree = "<group>"; };
		D4334E9A1F4C75BF00ED006A /* ossl_typ.h */ = {isa = PBXFileReference; fileEncoding = 4; lastKnownFileType = sourcecode.c.h; path = ossl_typ.h; sourceTree = "<group>"; };
		D4334E9B1F4C75BF00ED006A /* pem.h */ = {isa = PBXFileReference; fileEncoding = 4; lastKnownFileType = sourcecode.c.h; path = pem.h; sourceTree = "<group>"; };
		D4334E9C1F4C75BF00ED006A /* pem2.h */ = {isa = PBXFileReference; fileEncoding = 4; lastKnownFileType = sourcecode.c.h; path = pem2.h; sourceTree = "<group>"; };
		D4334E9D1F4C75BF00ED006A /* pkcs12.h */ = {isa = PBXFileReference; fileEncoding = 4; lastKnownFileType = sourcecode.c.h; path = pkcs12.h; sourceTree = "<group>"; };
		D4334E9E1F4C75BF00ED006A /* pkcs7.h */ = {isa = PBXFileReference; fileEncoding = 4; lastKnownFileType = sourcecode.c.h; path = pkcs7.h; sourceTree = "<group>"; };
		D4334E9F1F4C75BF00ED006A /* pqueue.h */ = {isa = PBXFileReference; fileEncoding = 4; lastKnownFileType = sourcecode.c.h; path = pqueue.h; sourceTree = "<group>"; };
		D4334EA01F4C75BF00ED006A /* rand.h */ = {isa = PBXFileReference; fileEncoding = 4; lastKnownFileType = sourcecode.c.h; path = rand.h; sourceTree = "<group>"; };
		D4334EA11F4C75BF00ED006A /* rc2.h */ = {isa = PBXFileReference; fileEncoding = 4; lastKnownFileType = sourcecode.c.h; path = rc2.h; sourceTree = "<group>"; };
		D4334EA21F4C75BF00ED006A /* rc4.h */ = {isa = PBXFileReference; fileEncoding = 4; lastKnownFileType = sourcecode.c.h; path = rc4.h; sourceTree = "<group>"; };
		D4334EA31F4C75BF00ED006A /* ripemd.h */ = {isa = PBXFileReference; fileEncoding = 4; lastKnownFileType = sourcecode.c.h; path = ripemd.h; sourceTree = "<group>"; };
		D4334EA41F4C75BF00ED006A /* rsa.h */ = {isa = PBXFileReference; fileEncoding = 4; lastKnownFileType = sourcecode.c.h; path = rsa.h; sourceTree = "<group>"; };
		D4334EA51F4C75BF00ED006A /* safestack.h */ = {isa = PBXFileReference; fileEncoding = 4; lastKnownFileType = sourcecode.c.h; path = safestack.h; sourceTree = "<group>"; };
		D4334EA61F4C75BF00ED006A /* seed.h */ = {isa = PBXFileReference; fileEncoding = 4; lastKnownFileType = sourcecode.c.h; path = seed.h; sourceTree = "<group>"; };
		D4334EA71F4C75BF00ED006A /* sha.h */ = {isa = PBXFileReference; fileEncoding = 4; lastKnownFileType = sourcecode.c.h; path = sha.h; sourceTree = "<group>"; };
		D4334EA81F4C75BF00ED006A /* srp.h */ = {isa = PBXFileReference; fileEncoding = 4; lastKnownFileType = sourcecode.c.h; path = srp.h; sourceTree = "<group>"; };
		D4334EA91F4C75BF00ED006A /* srtp.h */ = {isa = PBXFileReference; fileEncoding = 4; lastKnownFileType = sourcecode.c.h; path = srtp.h; sourceTree = "<group>"; };
		D4334EAA1F4C75BF00ED006A /* ssl.h */ = {isa = PBXFileReference; fileEncoding = 4; lastKnownFileType = sourcecode.c.h; path = ssl.h; sourceTree = "<group>"; };
		D4334EAB1F4C75BF00ED006A /* ssl2.h */ = {isa = PBXFileReference; fileEncoding = 4; lastKnownFileType = sourcecode.c.h; path = ssl2.h; sourceTree = "<group>"; };
		D4334EAC1F4C75BF00ED006A /* ssl23.h */ = {isa = PBXFileReference; fileEncoding = 4; lastKnownFileType = sourcecode.c.h; path = ssl23.h; sourceTree = "<group>"; };
		D4334EAD1F4C75BF00ED006A /* ssl3.h */ = {isa = PBXFileReference; fileEncoding = 4; lastKnownFileType = sourcecode.c.h; path = ssl3.h; sourceTree = "<group>"; };
		D4334EAE1F4C75BF00ED006A /* stack.h */ = {isa = PBXFileReference; fileEncoding = 4; lastKnownFileType = sourcecode.c.h; path = stack.h; sourceTree = "<group>"; };
		D4334EAF1F4C75BF00ED006A /* symhacks.h */ = {isa = PBXFileReference; fileEncoding = 4; lastKnownFileType = sourcecode.c.h; path = symhacks.h; sourceTree = "<group>"; };
		D4334EB01F4C75BF00ED006A /* tls1.h */ = {isa = PBXFileReference; fileEncoding = 4; lastKnownFileType = sourcecode.c.h; path = tls1.h; sourceTree = "<group>"; };
		D4334EB11F4C75BF00ED006A /* ts.h */ = {isa = PBXFileReference; fileEncoding = 4; lastKnownFileType = sourcecode.c.h; path = ts.h; sourceTree = "<group>"; };
		D4334EB21F4C75BF00ED006A /* txt_db.h */ = {isa = PBXFileReference; fileEncoding = 4; lastKnownFileType = sourcecode.c.h; path = txt_db.h; sourceTree = "<group>"; };
		D4334EB31F4C75BF00ED006A /* ui.h */ = {isa = PBXFileReference; fileEncoding = 4; lastKnownFileType = sourcecode.c.h; path = ui.h; sourceTree = "<group>"; };
		D4334EB41F4C75BF00ED006A /* ui_compat.h */ = {isa = PBXFileReference; fileEncoding = 4; lastKnownFileType = sourcecode.c.h; path = ui_compat.h; sourceTree = "<group>"; };
		D4334EB51F4C75BF00ED006A /* whrlpool.h */ = {isa = PBXFileReference; fileEncoding = 4; lastKnownFileType = sourcecode.c.h; path = whrlpool.h; sourceTree = "<group>"; };
		D4334EB61F4C75BF00ED006A /* x509.h */ = {isa = PBXFileReference; fileEncoding = 4; lastKnownFileType = sourcecode.c.h; path = x509.h; sourceTree = "<group>"; };
		D4334EB71F4C75BF00ED006A /* x509_vfy.h */ = {isa = PBXFileReference; fileEncoding = 4; lastKnownFileType = sourcecode.c.h; path = x509_vfy.h; sourceTree = "<group>"; };
		D4334EB81F4C75BF00ED006A /* x509v3.h */ = {isa = PBXFileReference; fileEncoding = 4; lastKnownFileType = sourcecode.c.h; path = x509v3.h; sourceTree = "<group>"; };
		D4334EE41F4C77E900ED006A /* Base64.h */ = {isa = PBXFileReference; fileEncoding = 4; lastKnownFileType = sourcecode.c.h; path = Base64.h; sourceTree = "<group>"; };
		D4334EE51F4C77E900ED006A /* Base64.m */ = {isa = PBXFileReference; fileEncoding = 4; lastKnownFileType = sourcecode.c.objc; path = Base64.m; sourceTree = "<group>"; };
		D4334EE71F4C77F700ED006A /* QYRSA.h */ = {isa = PBXFileReference; fileEncoding = 4; lastKnownFileType = sourcecode.c.h; path = QYRSA.h; sourceTree = "<group>"; };
		D4334EE81F4C77F700ED006A /* QYRSA.m */ = {isa = PBXFileReference; fileEncoding = 4; lastKnownFileType = sourcecode.c.objc; path = QYRSA.m; sourceTree = "<group>"; };
/* End PBXFileReference section */

/* Begin PBXFrameworksBuildPhase section */
		D4334E4D1F4C70D900ED006A /* Frameworks */ = {
			isa = PBXFrameworksBuildPhase;
			buildActionMask = 2147483647;
			files = (
				D4334EBA1F4C75BF00ED006A /* libssl.a in Frameworks */,
				D4334EB91F4C75BF00ED006A /* libcrypto.a in Frameworks */,
			);
			runOnlyForDeploymentPostprocessing = 0;
		};
/* End PBXFrameworksBuildPhase section */

/* Begin PBXGroup section */
		D4334E471F4C70D900ED006A = {
			isa = PBXGroup;
			children = (
				D4334E521F4C70D900ED006A /* RSADemo */,
				D4334E511F4C70D900ED006A /* Products */,
			);
			sourceTree = "<group>";
		};
		D4334E511F4C70D900ED006A /* Products */ = {
			isa = PBXGroup;
			children = (
				D4334E501F4C70D900ED006A /* RSADemo.app */,
			);
			name = Products;
			sourceTree = "<group>";
		};
		D4334E521F4C70D900ED006A /* RSADemo */ = {
			isa = PBXGroup;
			children = (
				D4334E561F4C70D900ED006A /* AppDelegate.h */,
				D4334E571F4C70D900ED006A /* AppDelegate.m */,
				D4334E591F4C70D900ED006A /* ViewController.h */,
				D4334E5A1F4C70D900ED006A /* ViewController.m */,
				D4334E5C1F4C70D900ED006A /* Main.storyboard */,
				D4334E5F1F4C70D900ED006A /* Assets.xcassets */,
				D4334E611F4C70D900ED006A /* LaunchScreen.storyboard */,
				D4334E641F4C70D900ED006A /* Info.plist */,
				D4334E6A1F4C75BF00ED006A /* include */,
				D4334E531F4C70D900ED006A /* Supporting Files */,
				D4334EE41F4C77E900ED006A /* Base64.h */,
				D4334EE51F4C77E900ED006A /* Base64.m */,
				D4334EE71F4C77F700ED006A /* QYRSA.h */,
				D4334EE81F4C77F700ED006A /* QYRSA.m */,
			);
			path = RSADemo;
			sourceTree = "<group>";
		};
		D4334E531F4C70D900ED006A /* Supporting Files */ = {
			isa = PBXGroup;
			children = (
				D4334E541F4C70D900ED006A /* main.m */,
			);
			name = "Supporting Files";
			sourceTree = "<group>";
		};
		D4334E6A1F4C75BF00ED006A /* include */ = {
			isa = PBXGroup;
			children = (
				D4334E6B1F4C75BF00ED006A /* libcrypto.a */,
				D4334E6C1F4C75BF00ED006A /* libssl.a */,
				D4334E6D1F4C75BF00ED006A /* openssl */,
			);
			path = include;
			sourceTree = "<group>";
		};
		D4334E6D1F4C75BF00ED006A /* openssl */ = {
			isa = PBXGroup;
			children = (
				D4334E6E1F4C75BF00ED006A /* aes.h */,
				D4334E6F1F4C75BF00ED006A /* asn1.h */,
				D4334E701F4C75BF00ED006A /* asn1_mac.h */,
				D4334E711F4C75BF00ED006A /* asn1t.h */,
				D4334E721F4C75BF00ED006A /* bio.h */,
				D4334E731F4C75BF00ED006A /* blowfish.h */,
				D4334E741F4C75BF00ED006A /* bn.h */,
				D4334E751F4C75BF00ED006A /* buffer.h */,
				D4334E761F4C75BF00ED006A /* camellia.h */,
				D4334E771F4C75BF00ED006A /* cast.h */,
				D4334E781F4C75BF00ED006A /* cmac.h */,
				D4334E791F4C75BF00ED006A /* cms.h */,
				D4334E7A1F4C75BF00ED006A /* comp.h */,
				D4334E7B1F4C75BF00ED006A /* conf.h */,
				D4334E7C1F4C75BF00ED006A /* conf_api.h */,
				D4334E7D1F4C75BF00ED006A /* crypto.h */,
				D4334E7E1F4C75BF00ED006A /* des.h */,
				D4334E7F1F4C75BF00ED006A /* des_old.h */,
				D4334E801F4C75BF00ED006A /* dh.h */,
				D4334E811F4C75BF00ED006A /* dsa.h */,
				D4334E821F4C75BF00ED006A /* dso.h */,
				D4334E831F4C75BF00ED006A /* dtls1.h */,
				D4334E841F4C75BF00ED006A /* e_os2.h */,
				D4334E851F4C75BF00ED006A /* ebcdic.h */,
				D4334E861F4C75BF00ED006A /* ec.h */,
				D4334E871F4C75BF00ED006A /* ecdh.h */,
				D4334E881F4C75BF00ED006A /* ecdsa.h */,
				D4334E891F4C75BF00ED006A /* engine.h */,
				D4334E8A1F4C75BF00ED006A /* err.h */,
				D4334E8B1F4C75BF00ED006A /* evp.h */,
				D4334E8C1F4C75BF00ED006A /* hmac.h */,
				D4334E8D1F4C75BF00ED006A /* idea.h */,
				D4334E8E1F4C75BF00ED006A /* krb5_asn.h */,
				D4334E8F1F4C75BF00ED006A /* kssl.h */,
				D4334E901F4C75BF00ED006A /* lhash.h */,
				D4334E911F4C75BF00ED006A /* md4.h */,
				D4334E921F4C75BF00ED006A /* md5.h */,
				D4334E931F4C75BF00ED006A /* mdc2.h */,
				D4334E941F4C75BF00ED006A /* modes.h */,
				D4334E951F4C75BF00ED006A /* obj_mac.h */,
				D4334E961F4C75BF00ED006A /* objects.h */,
				D4334E971F4C75BF00ED006A /* ocsp.h */,
				D4334E981F4C75BF00ED006A /* opensslconf.h */,
				D4334E991F4C75BF00ED006A /* opensslv.h */,
				D4334E9A1F4C75BF00ED006A /* ossl_typ.h */,
				D4334E9B1F4C75BF00ED006A /* pem.h */,
				D4334E9C1F4C75BF00ED006A /* pem2.h */,
				D4334E9D1F4C75BF00ED006A /* pkcs12.h */,
				D4334E9E1F4C75BF00ED006A /* pkcs7.h */,
				D4334E9F1F4C75BF00ED006A /* pqueue.h */,
				D4334EA01F4C75BF00ED006A /* rand.h */,
				D4334EA11F4C75BF00ED006A /* rc2.h */,
				D4334EA21F4C75BF00ED006A /* rc4.h */,
				D4334EA31F4C75BF00ED006A /* ripemd.h */,
				D4334EA41F4C75BF00ED006A /* rsa.h */,
				D4334EA51F4C75BF00ED006A /* safestack.h */,
				D4334EA61F4C75BF00ED006A /* seed.h */,
				D4334EA71F4C75BF00ED006A /* sha.h */,
				D4334EA81F4C75BF00ED006A /* srp.h */,
				D4334EA91F4C75BF00ED006A /* srtp.h */,
				D4334EAA1F4C75BF00ED006A /* ssl.h */,
				D4334EAB1F4C75BF00ED006A /* ssl2.h */,
				D4334EAC1F4C75BF00ED006A /* ssl23.h */,
				D4334EAD1F4C75BF00ED006A /* ssl3.h */,
				D4334EAE1F4C75BF00ED006A /* stack.h */,
				D4334EAF1F4C75BF00ED006A /* symhacks.h */,
				D4334EB01F4C75BF00ED006A /* tls1.h */,
				D4334EB11F4C75BF00ED006A /* ts.h */,
				D4334EB21F4C75BF00ED006A /* txt_db.h */,
				D4334EB31F4C75BF00ED006A /* ui.h */,
				D4334EB41F4C75BF00ED006A /* ui_compat.h */,
				D4334EB51F4C75BF00ED006A /* whrlpool.h */,
				D4334EB61F4C75BF00ED006A /* x509.h */,
				D4334EB71F4C75BF00ED006A /* x509_vfy.h */,
				D4334EB81F4C75BF00ED006A /* x509v3.h */,
			);
			path = openssl;
			sourceTree = "<group>";
		};
/* End PBXGroup section */

/* Begin PBXNativeTarget section */
		D4334E4F1F4C70D900ED006A /* RSADemo */ = {
			isa = PBXNativeTarget;
			buildConfigurationList = D4334E671F4C70D900ED006A /* Build configuration list for PBXNativeTarget "RSADemo" */;
			buildPhases = (
				D4334E4C1F4C70D900ED006A /* Sources */,
				D4334E4D1F4C70D900ED006A /* Frameworks */,
				D4334E4E1F4C70D900ED006A /* Resources */,
			);
			buildRules = (
			);
			dependencies = (
			);
			name = RSADemo;
			productName = RSADemo;
			productReference = D4334E501F4C70D900ED006A /* RSADemo.app */;
			productType = "com.apple.product-type.application";
		};
/* End PBXNativeTarget section */

/* Begin PBXProject section */
		D4334E481F4C70D900ED006A /* Project object */ = {
			isa = PBXProject;
			attributes = {
				LastUpgradeCheck = 0830;
				ORGANIZATIONNAME = qiaoyan;
				TargetAttributes = {
					D4334E4F1F4C70D900ED006A = {
						CreatedOnToolsVersion = 8.3.3;
						DevelopmentTeam = 4S5ZWGJSPN;
						ProvisioningStyle = Automatic;
					};
				};
			};
			buildConfigurationList = D4334E4B1F4C70D900ED006A /* Build configuration list for PBXProject "RSADemo" */;
			compatibilityVersion = "Xcode 3.2";
			developmentRegion = English;
			hasScannedForEncodings = 0;
			knownRegions = (
				en,
				Base,
			);
			mainGroup = D4334E471F4C70D900ED006A;
			productRefGroup = D4334E511F4C70D900ED006A /* Products */;
			projectDirPath = "";
			projectRoot = "";
			targets = (
				D4334E4F1F4C70D900ED006A /* RSADemo */,
			);
		};
/* End PBXProject section */

/* Begin PBXResourcesBuildPhase section */
		D4334E4E1F4C70D900ED006A /* Resources */ = {
			isa = PBXResourcesBuildPhase;
			buildActionMask = 2147483647;
			files = (
				D4334E631F4C70D900ED006A /* LaunchScreen.storyboard in Resources */,
				D4334E601F4C70D900ED006A /* Assets.xcassets in Resources */,
				D4334E5E1F4C70D900ED006A /* Main.storyboard in Resources */,
			);
			runOnlyForDeploymentPostprocessing = 0;
		};
/* End PBXResourcesBuildPhase section */

/* Begin PBXSourcesBuildPhase section */
		D4334E4C1F4C70D900ED006A /* Sources */ = {
			isa = PBXSourcesBuildPhase;
			buildActionMask = 2147483647;
			files = (
				D4334EE61F4C77E900ED006A /* Base64.m in Sources */,
				D4334EE91F4C77F700ED006A /* QYRSA.m in Sources */,
				D4334E5B1F4C70D900ED006A /* ViewController.m in Sources */,
				D4334E581F4C70D900ED006A /* AppDelegate.m in Sources */,
				D4334E551F4C70D900ED006A /* main.m in Sources */,
			);
			runOnlyForDeploymentPostprocessing = 0;
		};
/* End PBXSourcesBuildPhase section */

/* Begin PBXVariantGroup section */
		D4334E5C1F4C70D900ED006A /* Main.storyboard */ = {
			isa = PBXVariantGroup;
			children = (
				D4334E5D1F4C70D900ED006A /* Base */,
			);
			name = Main.storyboard;
			sourceTree = "<group>";
		};
		D4334E611F4C70D900ED006A /* LaunchScreen.storyboard */ = {
			isa = PBXVariantGroup;
			children = (
				D4334E621F4C70D900ED006A /* Base */,
			);
			name = LaunchScreen.storyboard;
			sourceTree = "<group>";
		};
/* End PBXVariantGroup section */

/* Begin XCBuildConfiguration section */
		D4334E651F4C70D900ED006A /* Debug */ = {
			isa = XCBuildConfiguration;
			buildSettings = {
				ALWAYS_SEARCH_USER_PATHS = NO;
				CLANG_ANALYZER_NONNULL = YES;
				CLANG_ANALYZER_NUMBER_OBJECT_CONVERSION = YES_AGGRESSIVE;
				CLANG_CXX_LANGUAGE_STANDARD = "gnu++0x";
				CLANG_CXX_LIBRARY = "libc++";
				CLANG_ENABLE_MODULES = YES;
				CLANG_ENABLE_OBJC_ARC = YES;
				CLANG_WARN_BOOL_CONVERSION = YES;
				CLANG_WARN_CONSTANT_CONVERSION = YES;
				CLANG_WARN_DIRECT_OBJC_ISA_USAGE = YES_ERROR;
				CLANG_WARN_DOCUMENTATION_COMMENTS = YES;
				CLANG_WARN_EMPTY_BODY = YES;
				CLANG_WARN_ENUM_CONVERSION = YES;
				CLANG_WARN_INFINITE_RECURSION = YES;
				CLANG_WARN_INT_CONVERSION = YES;
				CLANG_WARN_OBJC_ROOT_CLASS = YES_ERROR;
				CLANG_WARN_SUSPICIOUS_MOVE = YES;
				CLANG_WARN_UNREACHABLE_CODE = YES;
				CLANG_WARN__DUPLICATE_METHOD_MATCH = YES;
				"CODE_SIGN_IDENTITY[sdk=iphoneos*]" = "iPhone Developer";
				COPY_PHASE_STRIP = NO;
				DEBUG_INFORMATION_FORMAT = dwarf;
				ENABLE_STRICT_OBJC_MSGSEND = YES;
				ENABLE_TESTABILITY = YES;
				GCC_C_LANGUAGE_STANDARD = gnu99;
				GCC_DYNAMIC_NO_PIC = NO;
				GCC_NO_COMMON_BLOCKS = YES;
				GCC_OPTIMIZATION_LEVEL = 0;
				GCC_PREPROCESSOR_DEFINITIONS = (
					"DEBUG=1",
					"$(inherited)",
				);
				GCC_WARN_64_TO_32_BIT_CONVERSION = YES;
				GCC_WARN_ABOUT_RETURN_TYPE = YES_ERROR;
				GCC_WARN_UNDECLARED_SELECTOR = YES;
				GCC_WARN_UNINITIALIZED_AUTOS = YES_AGGRESSIVE;
				GCC_WARN_UNUSED_FUNCTION = YES;
				GCC_WARN_UNUSED_VARIABLE = YES;
				IPHONEOS_DEPLOYMENT_TARGET = 10.3;
				MTL_ENABLE_DEBUG_INFO = YES;
				ONLY_ACTIVE_ARCH = YES;
				SDKROOT = iphoneos;
				TARGETED_DEVICE_FAMILY = "1,2";
			};
			name = Debug;
		};
		D4334E661F4C70D900ED006A /* Release */ = {
			isa = XCBuildConfiguration;
			buildSettings = {
				ALWAYS_SEARCH_USER_PATHS = NO;
				CLANG_ANALYZER_NONNULL = YES;
				CLANG_ANALYZER_NUMBER_OBJECT_CONVERSION = YES_AGGRESSIVE;
				CLANG_CXX_LANGUAGE_STANDARD = "gnu++0x";
				CLANG_CXX_LIBRARY = "libc++";
				CLANG_ENABLE_MODULES = YES;
				CLANG_ENABLE_OBJC_ARC = YES;
				CLANG_WARN_BOOL_CONVERSION = YES;
				CLANG_WARN_CONSTANT_CONVERSION = YES;
				CLANG_WARN_DIRECT_OBJC_ISA_USAGE = YES_ERROR;
				CLANG_WARN_DOCUMENTATION_COMMENTS = YES;
				CLANG_WARN_EMPTY_BODY = YES;
				CLANG_WARN_ENUM_CONVERSION = YES;
				CLANG_WARN_INFINITE_RECURSION = YES;
				CLANG_WARN_INT_CONVERSION = YES;
				CLANG_WARN_OBJC_ROOT_CLASS = YES_ERROR;
				CLANG_WARN_SUSPICIOUS_MOVE = YES;
				CLANG_WARN_UNREACHABLE_CODE = YES;
				CLANG_WARN__DUPLICATE_METHOD_MATCH = YES;
				"CODE_SIGN_IDENTITY[sdk=iphoneos*]" = "iPhone Developer";
				COPY_PHASE_STRIP = NO;
				DEBUG_INFORMATION_FORMAT = "dwarf-with-dsym";
				ENABLE_NS_ASSERTIONS = NO;
				ENABLE_STRICT_OBJC_MSGSEND = YES;
				GCC_C_LANGUAGE_STANDARD = gnu99;
				GCC_NO_COMMON_BLOCKS = YES;
				GCC_WARN_64_TO_32_BIT_CONVERSION = YES;
				GCC_WARN_ABOUT_RETURN_TYPE = YES_ERROR;
				GCC_WARN_UNDECLARED_SELECTOR = YES;
				GCC_WARN_UNINITIALIZED_AUTOS = YES_AGGRESSIVE;
				GCC_WARN_UNUSED_FUNCTION = YES;
				GCC_WARN_UNUSED_VARIABLE = YES;
				IPHONEOS_DEPLOYMENT_TARGET = 10.3;
				MTL_ENABLE_DEBUG_INFO = NO;
				SDKROOT = iphoneos;
				TARGETED_DEVICE_FAMILY = "1,2";
				VALIDATE_PRODUCT = YES;
			};
			name = Release;
		};
		D4334E681F4C70D900ED006A /* Debug */ = {
			isa = XCBuildConfiguration;
			buildSettings = {
				ASSETCATALOG_COMPILER_APPICON_NAME = AppIcon;
				DEVELOPMENT_TEAM = 4S5ZWGJSPN;
				HEADER_SEARCH_PATHS = "\"$(SRCROOT)/RSADemo/include\"";
				INFOPLIST_FILE = RSADemo/Info.plist;
				LD_RUNPATH_SEARCH_PATHS = "$(inherited) @executable_path/Frameworks";
				LIBRARY_SEARCH_PATHS = (
					"$(inherited)",
					"$(PROJECT_DIR)/RSADemo/include",
				);
				PRODUCT_BUNDLE_IDENTIFIER = com.qy.test.RSADemo;
				PRODUCT_NAME = "$(TARGET_NAME)";
			};
			name = Debug;
		};
		D4334E691F4C70D900ED006A /* Release */ = {
			isa = XCBuildConfiguration;
			buildSettings = {
				ASSETCATALOG_COMPILER_APPICON_NAME = AppIcon;
				DEVELOPMENT_TEAM = 4S5ZWGJSPN;
				HEADER_SEARCH_PATHS = "\"$(SRCROOT)/RSADemo/include\"";
				INFOPLIST_FILE = RSADemo/Info.plist;
				LD_RUNPATH_SEARCH_PATHS = "$(inherited) @executable_path/Frameworks";
				LIBRARY_SEARCH_PATHS = (
					"$(inherited)",
					"$(PROJECT_DIR)/RSADemo/include",
				);
				PRODUCT_BUNDLE_IDENTIFIER = com.qy.test.RSADemo;
				PRODUCT_NAME = "$(TARGET_NAME)";
			};
			name = Release;
		};
/* End XCBuildConfiguration section */

/* Begin XCConfigurationList section */
		D4334E4B1F4C70D900ED006A /* Build configuration list for PBXProject "RSADemo" */ = {
			isa = XCConfigurationList;
			buildConfigurations = (
				D4334E651F4C70D900ED006A /* Debug */,
				D4334E661F4C70D900ED006A /* Release */,
			);
			defaultConfigurationIsVisible = 0;
			defaultConfigurationName = Release;
		};
		D4334E671F4C70D900ED006A /* Build configuration list for PBXNativeTarget "RSADemo" */ = {
			isa = XCConfigurationList;
			buildConfigurations = (
				D4334E681F4C70D900ED006A /* Debug */,
				D4334E691F4C70D900ED006A /* Release */,
			);
			defaultConfigurationIsVisible = 0;
		};
/* End XCConfigurationList section */
	};
	rootObject = D4334E481F4C70D900ED006A /* Project object */;
}
